
Microsoft Visual Studio Solution File, Format Version 12.00
# Visual Studio Version 17
VisualStudioVersion = 17.3.32901.215
MinimumVisualStudioVersion = 10.0.40219.1
Project("{9A19103F-16F7-4668-BE54-9A1E7A4F7556}") = "ExerciseDI_FeedReader", "ExerciseDI_FeedReader\ExerciseDI_FeedReader.csproj", "{4E53CF3E-6CE7-4A24-98AA-91C242912FE8}"
EndProject
Project("{FAE04EC0-301F-11D3-BF4B-00C04F79EFBC}") = "ExerciseDI_FeedReaderBetter", "ExerciseDI_FeedReaderBetter\ExerciseDI_FeedReaderBetter.csproj", "{915907B8-C9C2-47C5-9245-3CBD8468E948}"
EndProject
Project("{FAE04EC0-301F-11D3-BF4B-00C04F79EFBC}") = "TestProject1", "TestProject1\TestProject1.csproj", "{60432500-BCB3-4AD1-A488-24074FFBDE79}"
EndProject
Global
	GlobalSection(SolutionConfigurationPlatforms) = preSolution
		Debug|Any CPU = Debug|Any CPU
		Release|Any CPU = Release|Any CPU
	EndGlobalSection
	GlobalSection(ProjectConfigurationPlatforms) = postSolution
		{4E53CF3E-6CE7-4A24-98AA-91C242912FE8}.Debug|Any CPU.ActiveCfg = Debug|Any CPU
		{4E53CF3E-6CE7-4A24-98AA-91C242912FE8}.Debug|Any CPU.Build.0 = Debug|Any CPU
		{4E53CF3E-6CE7-4A24-98AA-91C242912FE8}.Release|Any CPU.ActiveCfg = Release|Any CPU
		{4E53CF3E-6CE7-4A24-98AA-91C242912FE8}.Release|Any CPU.Build.0 = Release|Any CPU
		{915907B8-C9C2-47C5-9245-3CBD8468E948}.Debug|Any CPU.ActiveCfg = Debug|Any CPU
		{915907B8-C9C2-47C5-9245-3CBD8468E948}.Debug|Any CPU.Build.0 = Debug|Any CPU
		{915907B8-C9C2-47C5-9245-3CBD8468E948}.Release|Any CPU.ActiveCfg = Release|Any CPU
		{915907B8-C9C2-47C5-9245-3CBD8468E948}.Release|Any CPU.Build.0 = Release|Any CPU
		{60432500-BCB3-4AD1-A488-24074FFBDE79}.Debug|Any CPU.ActiveCfg = Debug|Any CPU
		{60432500-BCB3-4AD1-A488-24074FFBDE79}.Debug|Any CPU.Build.0 = Debug|Any CPU
		{60432500-BCB3-4AD1-A488-24074FFBDE79}.Release|Any CPU.ActiveCfg = Release|Any CPU
		{60432500-BCB3-4AD1-A488-24074FFBDE79}.Release|Any CPU.Build.0 = Release|Any CPU
	EndGlobalSection
	GlobalSection(SolutionProperties) = preSolution
		HideSolutionNode = FALSE
	EndGlobalSection
	GlobalSection(ExtensibilityGlobals) = postSolution
		SolutionGuid = {A28030B5-6BB0-496A-BB34-AC3F2752AC1C}
	EndGlobalSection
EndGlobal
